
Microsoft Visual Studio Solution File, Format Version 12.00
# Visual Studio Version 17
VisualStudioVersion = 17.1.32210.238
MinimumVisualStudioVersion = 10.0.40219.1
Project("{FAE04EC0-301F-11D3-BF4B-00C04F79EFBC}") = "Analyzer", "Analyzer.csproj", "{CC1D375D-DA26-4293-B4EB-891B9ADF03DA}"
EndProject
Project("{FAE04EC0-301F-11D3-BF4B-00C04F79EFBC}") = "LogAnalyzer.Lib", "..\LogAnalyzer.Lib\LogAnalyzer.Lib.csproj", "{98C5C7BD-658B-462A-9159-3F103531964A}"
EndProject
Global
	GlobalSection(SolutionConfigurationPlatforms) = preSolution
		Debug|Any CPU = Debug|Any CPU
		Release|Any CPU = Release|Any CPU
	EndGlobalSection
	GlobalSection(ProjectConfigurationPlatforms) = postSolution
		{CC1D375D-DA26-4293-B4EB-891B9ADF03DA}.Debug|Any CPU.ActiveCfg = Debug|Any CPU
		{CC1D375D-DA26-4293-B4EB-891B9ADF03DA}.Debug|Any CPU.Build.0 = Debug|Any CPU
		{CC1D375D-DA26-4293-B4EB-891B9ADF03DA}.Release|Any CPU.ActiveCfg = Release|Any CPU
		{CC1D375D-DA26-4293-B4EB-891B9ADF03DA}.Release|Any CPU.Build.0 = Release|Any CPU
		{98C5C7BD-658B-462A-9159-3F103531964A}.Debug|Any CPU.ActiveCfg = Debug|Any CPU
		{98C5C7BD-658B-462A-9159-3F103531964A}.Debug|Any CPU.Build.0 = Debug|Any CPU
		{98C5C7BD-658B-462A-9159-3F103531964A}.Release|Any CPU.ActiveCfg = Release|Any CPU
		{98C5C7BD-658B-462A-9159-3F103531964A}.Release|Any CPU.Build.0 = Release|Any CPU
	EndGlobalSection
	GlobalSection(SolutionProperties) = preSolution
		HideSolutionNode = FALSE
	EndGlobalSection
	GlobalSection(ExtensibilityGlobals) = postSolution
		SolutionGuid = {232787B6-739F-4EA9-B80E-795F60419F93}
	EndGlobalSection
EndGlobal
